
Microsoft Visual Studio Solution File, Format Version 12.00
# Visual Studio Version 16
VisualStudioVersion = 16.0.28803.202
MinimumVisualStudioVersion = 10.0.40219.1
Project("{9A19103F-16F7-4668-BE54-9A1E7A4F7556}") = "Cap01", "Cap01\Cap01.csproj", "{B5FDBFCA-BEE9-4D43-AF63-27EE5EFCF843}"
EndProject
Project("{9A19103F-16F7-4668-BE54-9A1E7A4F7556}") = "Cap02", "Cap02\Cap02.csproj", "{8B534936-49E9-4B50-B2E1-76853A10898D}"
EndProject
Project("{9A19103F-16F7-4668-BE54-9A1E7A4F7556}") = "Cap03", "Cap03\Cap03.csproj", "{85A12817-727B-421C-BDED-82B802FD1711}"
EndProject
Project("{9A19103F-16F7-4668-BE54-9A1E7A4F7556}") = "Cap04", "Cap04\Cap04.csproj", "{7E5A73A6-B573-48D1-830B-09F384856EF2}"
EndProject
Project("{9A19103F-16F7-4668-BE54-9A1E7A4F7556}") = "Cap05", "Cap05\Cap05.csproj", "{DB3BDEFC-0FDE-4731-80CD-C11BA8E8D9C7}"
EndProject
Project("{9A19103F-16F7-4668-BE54-9A1E7A4F7556}") = "Modelo", "Modelo\Modelo.csproj", "{5CCAB6D8-5A1A-4BBC-8A3E-33DC33215DDB}"
EndProject
Project("{9A19103F-16F7-4668-BE54-9A1E7A4F7556}") = "Cap06", "Cap06\Cap06.csproj", "{081DF903-C025-4936-AD30-2E6D9D84F76C}"
EndProject
Project("{9A19103F-16F7-4668-BE54-9A1E7A4F7556}") = "Cap07", "Cap07\Cap07.csproj", "{9780B650-CA06-4215-B014-2384B81CDE26}"
EndProject
Project("{9A19103F-16F7-4668-BE54-9A1E7A4F7556}") = "Cap08", "Cap08\Cap08.csproj", "{8ED52402-C8D7-422C-B0A7-9DE3001D48B1}"
EndProject
Project("{9A19103F-16F7-4668-BE54-9A1E7A4F7556}") = "Cap09", "Cap09\Cap09.csproj", "{5F691702-E5D8-451B-87DD-61A91D4C5234}"
EndProject
Global
	GlobalSection(SolutionConfigurationPlatforms) = preSolution
		Debug|Any CPU = Debug|Any CPU
		Release|Any CPU = Release|Any CPU
	EndGlobalSection
	GlobalSection(ProjectConfigurationPlatforms) = postSolution
		{B5FDBFCA-BEE9-4D43-AF63-27EE5EFCF843}.Debug|Any CPU.ActiveCfg = Debug|Any CPU
		{B5FDBFCA-BEE9-4D43-AF63-27EE5EFCF843}.Debug|Any CPU.Build.0 = Debug|Any CPU
		{B5FDBFCA-BEE9-4D43-AF63-27EE5EFCF843}.Release|Any CPU.ActiveCfg = Release|Any CPU
		{B5FDBFCA-BEE9-4D43-AF63-27EE5EFCF843}.Release|Any CPU.Build.0 = Release|Any CPU
		{8B534936-49E9-4B50-B2E1-76853A10898D}.Debug|Any CPU.ActiveCfg = Debug|Any CPU
		{8B534936-49E9-4B50-B2E1-76853A10898D}.Debug|Any CPU.Build.0 = Debug|Any CPU
		{8B534936-49E9-4B50-B2E1-76853A10898D}.Release|Any CPU.ActiveCfg = Release|Any CPU
		{8B534936-49E9-4B50-B2E1-76853A10898D}.Release|Any CPU.Build.0 = Release|Any CPU
		{85A12817-727B-421C-BDED-82B802FD1711}.Debug|Any CPU.ActiveCfg = Debug|Any CPU
		{85A12817-727B-421C-BDED-82B802FD1711}.Debug|Any CPU.Build.0 = Debug|Any CPU
		{85A12817-727B-421C-BDED-82B802FD1711}.Release|Any CPU.ActiveCfg = Release|Any CPU
		{85A12817-727B-421C-BDED-82B802FD1711}.Release|Any CPU.Build.0 = Release|Any CPU
		{7E5A73A6-B573-48D1-830B-09F384856EF2}.Debug|Any CPU.ActiveCfg = Debug|Any CPU
		{7E5A73A6-B573-48D1-830B-09F384856EF2}.Debug|Any CPU.Build.0 = Debug|Any CPU
		{7E5A73A6-B573-48D1-830B-09F384856EF2}.Release|Any CPU.ActiveCfg = Release|Any CPU
		{7E5A73A6-B573-48D1-830B-09F384856EF2}.Release|Any CPU.Build.0 = Release|Any CPU
		{DB3BDEFC-0FDE-4731-80CD-C11BA8E8D9C7}.Debug|Any CPU.ActiveCfg = Debug|Any CPU
		{DB3BDEFC-0FDE-4731-80CD-C11BA8E8D9C7}.Debug|Any CPU.Build.0 = Debug|Any CPU
		{DB3BDEFC-0FDE-4731-80CD-C11BA8E8D9C7}.Release|Any CPU.ActiveCfg = Release|Any CPU
		{DB3BDEFC-0FDE-4731-80CD-C11BA8E8D9C7}.Release|Any CPU.Build.0 = Release|Any CPU
		{5CCAB6D8-5A1A-4BBC-8A3E-33DC33215DDB}.Debug|Any CPU.ActiveCfg = Debug|Any CPU
		{5CCAB6D8-5A1A-4BBC-8A3E-33DC33215DDB}.Debug|Any CPU.Build.0 = Debug|Any CPU
		{5CCAB6D8-5A1A-4BBC-8A3E-33DC33215DDB}.Release|Any CPU.ActiveCfg = Release|Any CPU
		{5CCAB6D8-5A1A-4BBC-8A3E-33DC33215DDB}.Release|Any CPU.Build.0 = Release|Any CPU
		{081DF903-C025-4936-AD30-2E6D9D84F76C}.Debug|Any CPU.ActiveCfg = Debug|Any CPU
		{081DF903-C025-4936-AD30-2E6D9D84F76C}.Debug|Any CPU.Build.0 = Debug|Any CPU
		{081DF903-C025-4936-AD30-2E6D9D84F76C}.Release|Any CPU.ActiveCfg = Release|Any CPU
		{081DF903-C025-4936-AD30-2E6D9D84F76C}.Release|Any CPU.Build.0 = Release|Any CPU
		{9780B650-CA06-4215-B014-2384B81CDE26}.Debug|Any CPU.ActiveCfg = Debug|Any CPU
		{9780B650-CA06-4215-B014-2384B81CDE26}.Debug|Any CPU.Build.0 = Debug|Any CPU
		{9780B650-CA06-4215-B014-2384B81CDE26}.Release|Any CPU.ActiveCfg = Release|Any CPU
		{9780B650-CA06-4215-B014-2384B81CDE26}.Release|Any CPU.Build.0 = Release|Any CPU
		{8ED52402-C8D7-422C-B0A7-9DE3001D48B1}.Debug|Any CPU.ActiveCfg = Debug|Any CPU
		{8ED52402-C8D7-422C-B0A7-9DE3001D48B1}.Debug|Any CPU.Build.0 = Debug|Any CPU
		{8ED52402-C8D7-422C-B0A7-9DE3001D48B1}.Release|Any CPU.ActiveCfg = Release|Any CPU
		{8ED52402-C8D7-422C-B0A7-9DE3001D48B1}.Release|Any CPU.Build.0 = Release|Any CPU
		{5F691702-E5D8-451B-87DD-61A91D4C5234}.Debug|Any CPU.ActiveCfg = Debug|Any CPU
		{5F691702-E5D8-451B-87DD-61A91D4C5234}.Debug|Any CPU.Build.0 = Debug|Any CPU
		{5F691702-E5D8-451B-87DD-61A91D4C5234}.Release|Any CPU.ActiveCfg = Release|Any CPU
		{5F691702-E5D8-451B-87DD-61A91D4C5234}.Release|Any CPU.Build.0 = Release|Any CPU
	EndGlobalSection
	GlobalSection(SolutionProperties) = preSolution
		HideSolutionNode = FALSE
	EndGlobalSection
	GlobalSection(ExtensibilityGlobals) = postSolution
		SolutionGuid = {26864D1A-B548-4421-8080-BBAA829D6E9C}
	EndGlobalSection
EndGlobal
